
Microsoft Visual Studio Solution File, Format Version 12.00
# Visual Studio Version 16
VisualStudioVersion = 16.0.29411.108
MinimumVisualStudioVersion = 10.0.40219.1
Project("{8BC9CEB8-8B4A-11D0-8D11-00A0C91BC942}") = "ExperimentThree2017153009", "ExperimentThree2017153009\ExperimentThree2017153009.vcxproj", "{95805BD7-806C-456B-8383-AEE2D5EB78BF}"
EndProject
Global
	GlobalSection(SolutionConfigurationPlatforms) = preSolution
		Debug|x64 = Debug|x64
		Debug|x86 = Debug|x86
		Release|x64 = Release|x64
		Release|x86 = Release|x86
	EndGlobalSection
	GlobalSection(ProjectConfigurationPlatforms) = postSolution
		{95805BD7-806C-456B-8383-AEE2D5EB78BF}.Debug|x64.ActiveCfg = Debug|x64
		{95805BD7-806C-456B-8383-AEE2D5EB78BF}.Debug|x64.Build.0 = Debug|x64
		{95805BD7-806C-456B-8383-AEE2D5EB78BF}.Debug|x86.ActiveCfg = Debug|Win32
		{95805BD7-806C-456B-8383-AEE2D5EB78BF}.Debug|x86.Build.0 = Debug|Win32
		{95805BD7-806C-456B-8383-AEE2D5EB78BF}.Release|x64.ActiveCfg = Release|x64
		{95805BD7-806C-456B-8383-AEE2D5EB78BF}.Release|x64.Build.0 = Release|x64
		{95805BD7-806C-456B-8383-AEE2D5EB78BF}.Release|x86.ActiveCfg = Release|Win32
		{95805BD7-806C-456B-8383-AEE2D5EB78BF}.Release|x86.Build.0 = Release|Win32
	EndGlobalSection
	GlobalSection(SolutionProperties) = preSolution
		HideSolutionNode = FALSE
	EndGlobalSection
	GlobalSection(ExtensibilityGlobals) = postSolution
		SolutionGuid = {88D93705-F432-45EF-9DE9-4BAA9F746D73}
	EndGlobalSection
EndGlobal
