
Microsoft Visual Studio Solution File, Format Version 12.00
# Visual Studio Version 16
VisualStudioVersion = 16.0.29215.179
MinimumVisualStudioVersion = 10.0.40219.1
Project("{8BC9CEB8-8B4A-11D0-8D11-00A0C91BC942}") = "Experiment1.2", "Experiment1.2\Experiment1.2.vcxproj", "{D00DDA23-A0A0-4581-BDA5-A65631993C71}"
EndProject
Global
	GlobalSection(SolutionConfigurationPlatforms) = preSolution
		Debug|x64 = Debug|x64
		Debug|x86 = Debug|x86
		Release|x64 = Release|x64
		Release|x86 = Release|x86
	EndGlobalSection
	GlobalSection(ProjectConfigurationPlatforms) = postSolution
		{D00DDA23-A0A0-4581-BDA5-A65631993C71}.Debug|x64.ActiveCfg = Debug|x64
		{D00DDA23-A0A0-4581-BDA5-A65631993C71}.Debug|x64.Build.0 = Debug|x64
		{D00DDA23-A0A0-4581-BDA5-A65631993C71}.Debug|x86.ActiveCfg = Debug|Win32
		{D00DDA23-A0A0-4581-BDA5-A65631993C71}.Debug|x86.Build.0 = Debug|Win32
		{D00DDA23-A0A0-4581-BDA5-A65631993C71}.Release|x64.ActiveCfg = Release|x64
		{D00DDA23-A0A0-4581-BDA5-A65631993C71}.Release|x64.Build.0 = Release|x64
		{D00DDA23-A0A0-4581-BDA5-A65631993C71}.Release|x86.ActiveCfg = Release|Win32
		{D00DDA23-A0A0-4581-BDA5-A65631993C71}.Release|x86.Build.0 = Release|Win32
	EndGlobalSection
	GlobalSection(SolutionProperties) = preSolution
		HideSolutionNode = FALSE
	EndGlobalSection
	GlobalSection(ExtensibilityGlobals) = postSolution
		SolutionGuid = {E028317A-6F35-47FB-9B38-22C06F191377}
	EndGlobalSection
EndGlobal
